// !$*UTF8*$!
{
	archiveVersion = 1;
	classes = {
	};
	objectVersion = 48;
	objects = {

/* Begin PBXBuildFile section */
		1C098299CC1550BEFCC4BC62 /* Synchronized.swift in Sources */ = {isa = PBXBuildFile; fileRef = 1C098857B45414C09FDFAF16 /* Synchronized.swift */; };
		1C0986D82C609E9A1E59242A /* Reactor.swift in Sources */ = {isa = PBXBuildFile; fileRef = 1C09882DD391A32BAD0C4845 /* Reactor.swift */; };
		1C098BE4D09348E1CCBD1D89 /* Signal.swift in Sources */ = {isa = PBXBuildFile; fileRef = 1C098A6047EE5F6C1FD6E456 /* Signal.swift */; };
		1C098F847381ECCA37539799 /* Disposable.swift in Sources */ = {isa = PBXBuildFile; fileRef = 1C09867BD36BB05B0E56ABF8 /* Disposable.swift */; };
		22C9749C20112AAE00A3766D /* RSwift.framework in Frameworks */ = {isa = PBXBuildFile; fileRef = 22C9749220112AAE00A3766D /* RSwift.framework */; };
		22C974A120112AAE00A3766D /* SignalTests.swift in Sources */ = {isa = PBXBuildFile; fileRef = 22C974A020112AAE00A3766D /* SignalTests.swift */; };
		22C974A320112AAE00A3766D /* RSwift.h in Headers */ = {isa = PBXBuildFile; fileRef = 22C9749520112AAE00A3766D /* RSwift.h */; settings = {ATTRIBUTES = (Public, ); }; };
/* End PBXBuildFile section */

/* Begin PBXContainerItemProxy section */
		22C9749D20112AAE00A3766D /* PBXContainerItemProxy */ = {
			isa = PBXContainerItemProxy;
			containerPortal = 22C9748920112AAD00A3766D /* Project object */;
			proxyType = 1;
			remoteGlobalIDString = 22C9749120112AAD00A3766D;
			remoteInfo = RSwift;
		};
/* End PBXContainerItemProxy section */

/* Begin PBXFileReference section */
		1C09867BD36BB05B0E56ABF8 /* Disposable.swift */ = {isa = PBXFileReference; fileEncoding = 4; lastKnownFileType = sourcecode.swift; path = Disposable.swift; sourceTree = "<group>"; };
		1C09882DD391A32BAD0C4845 /* Reactor.swift */ = {isa = PBXFileReference; fileEncoding = 4; lastKnownFileType = sourcecode.swift; path = Reactor.swift; sourceTree = "<group>"; };
		1C098857B45414C09FDFAF16 /* Synchronized.swift */ = {isa = PBXFileReference; fileEncoding = 4; lastKnownFileType = sourcecode.swift; path = Synchronized.swift; sourceTree = "<group>"; };
		1C098A6047EE5F6C1FD6E456 /* Signal.swift */ = {isa = PBXFileReference; fileEncoding = 4; lastKnownFileType = sourcecode.swift; path = Signal.swift; sourceTree = "<group>"; };
		22C9749220112AAE00A3766D /* RSwift.framework */ = {isa = PBXFileReference; explicitFileType = wrapper.framework; includeInIndex = 0; path = RSwift.framework; sourceTree = BUILT_PRODUCTS_DIR; };
		22C9749520112AAE00A3766D /* RSwift.h */ = {isa = PBXFileReference; lastKnownFileType = sourcecode.c.h; path = RSwift.h; sourceTree = "<group>"; };
		22C9749620112AAE00A3766D /* Info.plist */ = {isa = PBXFileReference; lastKnownFileType = text.plist.xml; path = Info.plist; sourceTree = "<group>"; };
		22C9749B20112AAE00A3766D /* RSwiftTests.xctest */ = {isa = PBXFileReference; explicitFileType = wrapper.cfbundle; includeInIndex = 0; path = RSwiftTests.xctest; sourceTree = BUILT_PRODUCTS_DIR; };
		22C974A020112AAE00A3766D /* SignalTests.swift */ = {isa = PBXFileReference; lastKnownFileType = sourcecode.swift; path = SignalTests.swift; sourceTree = "<group>"; };
		22C974A220112AAE00A3766D /* Info.plist */ = {isa = PBXFileReference; lastKnownFileType = text.plist.xml; path = Info.plist; sourceTree = "<group>"; };
/* End PBXFileReference section */

/* Begin PBXFrameworksBuildPhase section */
		22C9748E20112AAD00A3766D /* Frameworks */ = {
			isa = PBXFrameworksBuildPhase;
			buildActionMask = 2147483647;
			files = (
			);
			runOnlyForDeploymentPostprocessing = 0;
		};
		22C9749820112AAE00A3766D /* Frameworks */ = {
			isa = PBXFrameworksBuildPhase;
			buildActionMask = 2147483647;
			files = (
				22C9749C20112AAE00A3766D /* RSwift.framework in Frameworks */,
			);
			runOnlyForDeploymentPostprocessing = 0;
		};
/* End PBXFrameworksBuildPhase section */

/* Begin PBXGroup section */
		22C9748820112AAD00A3766D = {
			isa = PBXGroup;
			children = (
				22C9749420112AAE00A3766D /* RSwift */,
				22C9749F20112AAE00A3766D /* RSwiftTests */,
				22C9749320112AAE00A3766D /* Products */,
			);
			sourceTree = "<group>";
		};
		22C9749320112AAE00A3766D /* Products */ = {
			isa = PBXGroup;
			children = (
				22C9749220112AAE00A3766D /* RSwift.framework */,
				22C9749B20112AAE00A3766D /* RSwiftTests.xctest */,
			);
			name = Products;
			sourceTree = "<group>";
		};
		22C9749420112AAE00A3766D /* RSwift */ = {
			isa = PBXGroup;
			children = (
				22C9749520112AAE00A3766D /* RSwift.h */,
				22C9749620112AAE00A3766D /* Info.plist */,
				1C098A6047EE5F6C1FD6E456 /* Signal.swift */,
				1C098857B45414C09FDFAF16 /* Synchronized.swift */,
				1C09867BD36BB05B0E56ABF8 /* Disposable.swift */,
				1C09882DD391A32BAD0C4845 /* Reactor.swift */,
			);
			path = RSwift;
			sourceTree = "<group>";
		};
		22C9749F20112AAE00A3766D /* RSwiftTests */ = {
			isa = PBXGroup;
			children = (
				22C974A020112AAE00A3766D /* SignalTests.swift */,
				22C974A220112AAE00A3766D /* Info.plist */,
			);
			path = RSwiftTests;
			sourceTree = "<group>";
		};
/* End PBXGroup section */

/* Begin PBXHeadersBuildPhase section */
		22C9748F20112AAD00A3766D /* Headers */ = {
			isa = PBXHeadersBuildPhase;
			buildActionMask = 2147483647;
			files = (
				22C974A320112AAE00A3766D /* RSwift.h in Headers */,
			);
			runOnlyForDeploymentPostprocessing = 0;
		};
/* End PBXHeadersBuildPhase section */

/* Begin PBXNativeTarget section */
		22C9749120112AAD00A3766D /* RSwift */ = {
			isa = PBXNativeTarget;
			buildConfigurationList = 22C974A620112AAE00A3766D /* Build configuration list for PBXNativeTarget "RSwift" */;
			buildPhases = (
				22C9748D20112AAD00A3766D /* Sources */,
				22C9748E20112AAD00A3766D /* Frameworks */,
				22C9748F20112AAD00A3766D /* Headers */,
				22C9749020112AAD00A3766D /* Resources */,
			);
			buildRules = (
			);
			dependencies = (
			);
			name = RSwift;
			productName = RSwift;
			productReference = 22C9749220112AAE00A3766D /* RSwift.framework */;
			productType = "com.apple.product-type.framework";
		};
		22C9749A20112AAE00A3766D /* RSwiftTests */ = {
			isa = PBXNativeTarget;
			buildConfigurationList = 22C974A920112AAE00A3766D /* Build configuration list for PBXNativeTarget "RSwiftTests" */;
			buildPhases = (
				22C9749720112AAE00A3766D /* Sources */,
				22C9749820112AAE00A3766D /* Frameworks */,
				22C9749920112AAE00A3766D /* Resources */,
			);
			buildRules = (
			);
			dependencies = (
				22C9749E20112AAE00A3766D /* PBXTargetDependency */,
			);
			name = RSwiftTests;
			productName = RSwiftTests;
			productReference = 22C9749B20112AAE00A3766D /* RSwiftTests.xctest */;
			productType = "com.apple.product-type.bundle.unit-test";
		};
/* End PBXNativeTarget section */

/* Begin PBXProject section */
		22C9748920112AAD00A3766D /* Project object */ = {
			isa = PBXProject;
			attributes = {
				LastSwiftUpdateCheck = 0920;
				LastUpgradeCheck = 0920;
				ORGANIZATIONNAME = "Tim Conkling";
				TargetAttributes = {
					22C9749120112AAD00A3766D = {
						CreatedOnToolsVersion = 9.2;
						ProvisioningStyle = Automatic;
					};
					22C9749A20112AAE00A3766D = {
						CreatedOnToolsVersion = 9.2;
						ProvisioningStyle = Automatic;
					};
				};
			};
			buildConfigurationList = 22C9748C20112AAD00A3766D /* Build configuration list for PBXProject "RSwift" */;
			compatibilityVersion = "Xcode 8.0";
			developmentRegion = en;
			hasScannedForEncodings = 0;
			knownRegions = (
				en,
			);
			mainGroup = 22C9748820112AAD00A3766D;
			productRefGroup = 22C9749320112AAE00A3766D /* Products */;
			projectDirPath = "";
			projectRoot = "";
			targets = (
				22C9749120112AAD00A3766D /* RSwift */,
				22C9749A20112AAE00A3766D /* RSwiftTests */,
			);
		};
/* End PBXProject section */

/* Begin PBXResourcesBuildPhase section */
		22C9749020112AAD00A3766D /* Resources */ = {
			isa = PBXResourcesBuildPhase;
			buildActionMask = 2147483647;
			files = (
			);
			runOnlyForDeploymentPostprocessing = 0;
		};
		22C9749920112AAE00A3766D /* Resources */ = {
			isa = PBXResourcesBuildPhase;
			buildActionMask = 2147483647;
			files = (
			);
			runOnlyForDeploymentPostprocessing = 0;
		};
/* End PBXResourcesBuildPhase section */

/* Begin PBXSourcesBuildPhase section */
		22C9748D20112AAD00A3766D /* Sources */ = {
			isa = PBXSourcesBuildPhase;
			buildActionMask = 2147483647;
			files = (
				1C098BE4D09348E1CCBD1D89 /* Signal.swift in Sources */,
				1C098299CC1550BEFCC4BC62 /* Synchronized.swift in Sources */,
				1C098F847381ECCA37539799 /* Disposable.swift in Sources */,
				1C0986D82C609E9A1E59242A /* Reactor.swift in Sources */,
			);
			runOnlyForDeploymentPostprocessing = 0;
		};
		22C9749720112AAE00A3766D /* Sources */ = {
			isa = PBXSourcesBuildPhase;
			buildActionMask = 2147483647;
			files = (
				22C974A120112AAE00A3766D /* SignalTests.swift in Sources */,
			);
			runOnlyForDeploymentPostprocessing = 0;
		};
/* End PBXSourcesBuildPhase section */

/* Begin PBXTargetDependency section */
		22C9749E20112AAE00A3766D /* PBXTargetDependency */ = {
			isa = PBXTargetDependency;
			target = 22C9749120112AAD00A3766D /* RSwift */;
			targetProxy = 22C9749D20112AAE00A3766D /* PBXContainerItemProxy */;
		};
/* End PBXTargetDependency section */

/* Begin XCBuildConfiguration section */
		22C974A420112AAE00A3766D /* Debug */ = {
			isa = XCBuildConfiguration;
			buildSettings = {
				ALWAYS_SEARCH_USER_PATHS = NO;
				CLANG_ANALYZER_NONNULL = YES;
				CLANG_ANALYZER_NUMBER_OBJECT_CONVERSION = YES_AGGRESSIVE;
				CLANG_CXX_LANGUAGE_STANDARD = "gnu++14";
				CLANG_CXX_LIBRARY = "libc++";
				CLANG_ENABLE_MODULES = YES;
				CLANG_ENABLE_OBJC_ARC = YES;
				CLANG_WARN_BLOCK_CAPTURE_AUTORELEASING = YES;
				CLANG_WARN_BOOL_CONVERSION = YES;
				CLANG_WARN_COMMA = YES;
				CLANG_WARN_CONSTANT_CONVERSION = YES;
				CLANG_WARN_DIRECT_OBJC_ISA_USAGE = YES_ERROR;
				CLANG_WARN_DOCUMENTATION_COMMENTS = YES;
				CLANG_WARN_EMPTY_BODY = YES;
				CLANG_WARN_ENUM_CONVERSION = YES;
				CLANG_WARN_INFINITE_RECURSION = YES;
				CLANG_WARN_INT_CONVERSION = YES;
				CLANG_WARN_NON_LITERAL_NULL_CONVERSION = YES;
				CLANG_WARN_OBJC_LITERAL_CONVERSION = YES;
				CLANG_WARN_OBJC_ROOT_CLASS = YES_ERROR;
				CLANG_WARN_RANGE_LOOP_ANALYSIS = YES;
				CLANG_WARN_STRICT_PROTOTYPES = YES;
				CLANG_WARN_SUSPICIOUS_MOVE = YES;
				CLANG_WARN_UNGUARDED_AVAILABILITY = YES_AGGRESSIVE;
				CLANG_WARN_UNREACHABLE_CODE = YES;
				CLANG_WARN__DUPLICATE_METHOD_MATCH = YES;
				CODE_SIGN_IDENTITY = "iPhone Developer";
				COPY_PHASE_STRIP = NO;
				CURRENT_PROJECT_VERSION = 1;
				DEBUG_INFORMATION_FORMAT = dwarf;
				ENABLE_STRICT_OBJC_MSGSEND = YES;
				ENABLE_TESTABILITY = YES;
				GCC_C_LANGUAGE_STANDARD = gnu11;
				GCC_DYNAMIC_NO_PIC = NO;
				GCC_NO_COMMON_BLOCKS = YES;
				GCC_OPTIMIZATION_LEVEL = 0;
				GCC_PREPROCESSOR_DEFINITIONS = (
					"DEBUG=1",
					"$(inherited)",
				);
				GCC_WARN_64_TO_32_BIT_CONVERSION = YES;
				GCC_WARN_ABOUT_RETURN_TYPE = YES_ERROR;
				GCC_WARN_UNDECLARED_SELECTOR = YES;
				GCC_WARN_UNINITIALIZED_AUTOS = YES_AGGRESSIVE;
				GCC_WARN_UNUSED_FUNCTION = YES;
				GCC_WARN_UNUSED_VARIABLE = YES;
				IPHONEOS_DEPLOYMENT_TARGET = 11.2;
				MTL_ENABLE_DEBUG_INFO = YES;
				ONLY_ACTIVE_ARCH = YES;
				SDKROOT = iphoneos;
				SWIFT_ACTIVE_COMPILATION_CONDITIONS = DEBUG;
				SWIFT_OPTIMIZATION_LEVEL = "-Onone";
				VERSIONING_SYSTEM = "apple-generic";
				VERSION_INFO_PREFIX = "";
			};
			name = Debug;
		};
		22C974A520112AAE00A3766D /* Release */ = {
			isa = XCBuildConfiguration;
			buildSettings = {
				ALWAYS_SEARCH_USER_PATHS = NO;
				CLANG_ANALYZER_NONNULL = YES;
				CLANG_ANALYZER_NUMBER_OBJECT_CONVERSION = YES_AGGRESSIVE;
				CLANG_CXX_LANGUAGE_STANDARD = "gnu++14";
				CLANG_CXX_LIBRARY = "libc++";
				CLANG_ENABLE_MODULES = YES;
				CLANG_ENABLE_OBJC_ARC = YES;
				CLANG_WARN_BLOCK_CAPTURE_AUTORELEASING = YES;
				CLANG_WARN_BOOL_CONVERSION = YES;
				CLANG_WARN_COMMA = YES;
				CLANG_WARN_CONSTANT_CONVERSION = YES;
				CLANG_WARN_DIRECT_OBJC_ISA_USAGE = YES_ERROR;
				CLANG_WARN_DOCUMENTATION_COMMENTS = YES;
				CLANG_WARN_EMPTY_BODY = YES;
				CLANG_WARN_ENUM_CONVERSION = YES;
				CLANG_WARN_INFINITE_RECURSION = YES;
				CLANG_WARN_INT_CONVERSION = YES;
				CLANG_WARN_NON_LITERAL_NULL_CONVERSION = YES;
				CLANG_WARN_OBJC_LITERAL_CONVERSION = YES;
				CLANG_WARN_OBJC_ROOT_CLASS = YES_ERROR;
				CLANG_WARN_RANGE_LOOP_ANALYSIS = YES;
				CLANG_WARN_STRICT_PROTOTYPES = YES;
				CLANG_WARN_SUSPICIOUS_MOVE = YES;
				CLANG_WARN_UNGUARDED_AVAILABILITY = YES_AGGRESSIVE;
				CLANG_WARN_UNREACHABLE_CODE = YES;
				CLANG_WARN__DUPLICATE_METHOD_MATCH = YES;
				CODE_SIGN_IDENTITY = "iPhone Developer";
				COPY_PHASE_STRIP = NO;
				CURRENT_PROJECT_VERSION = 1;
				DEBUG_INFORMATION_FORMAT = "dwarf-with-dsym";
				ENABLE_NS_ASSERTIONS = NO;
				ENABLE_STRICT_OBJC_MSGSEND = YES;
				GCC_C_LANGUAGE_STANDARD = gnu11;
				GCC_NO_COMMON_BLOCKS = YES;
				GCC_WARN_64_TO_32_BIT_CONVERSION = YES;
				GCC_WARN_ABOUT_RETURN_TYPE = YES_ERROR;
				GCC_WARN_UNDECLARED_SELECTOR = YES;
				GCC_WARN_UNINITIALIZED_AUTOS = YES_AGGRESSIVE;
				GCC_WARN_UNUSED_FUNCTION = YES;
				GCC_WARN_UNUSED_VARIABLE = YES;
				IPHONEOS_DEPLOYMENT_TARGET = 11.2;
				MTL_ENABLE_DEBUG_INFO = NO;
				SDKROOT = iphoneos;
				SWIFT_OPTIMIZATION_LEVEL = "-Owholemodule";
				VALIDATE_PRODUCT = YES;
				VERSIONING_SYSTEM = "apple-generic";
				VERSION_INFO_PREFIX = "";
			};
			name = Release;
		};
		22C974A720112AAE00A3766D /* Debug */ = {
			isa = XCBuildConfiguration;
			buildSettings = {
				CODE_SIGN_IDENTITY = "";
				CODE_SIGN_STYLE = Automatic;
				DEFINES_MODULE = YES;
				DEVELOPMENT_TEAM = U4A8PQ3C7Z;
				DYLIB_COMPATIBILITY_VERSION = 1;
				DYLIB_CURRENT_VERSION = 1;
				DYLIB_INSTALL_NAME_BASE = "@rpath";
				INFOPLIST_FILE = RSwift/Info.plist;
				INSTALL_PATH = "$(LOCAL_LIBRARY_DIR)/Frameworks";
				LD_RUNPATH_SEARCH_PATHS = "$(inherited) @executable_path/Frameworks @loader_path/Frameworks";
				PRODUCT_BUNDLE_IDENTIFIER = cim.timconkling.RSwift;
				PRODUCT_NAME = "$(TARGET_NAME:c99extidentifier)";
				SKIP_INSTALL = YES;
				SWIFT_VERSION = 4.0;
				TARGETED_DEVICE_FAMILY = "1,2";
			};
			name = Debug;
		};
		22C974A820112AAE00A3766D /* Release */ = {
			isa = XCBuildConfiguration;
			buildSettings = {
				CODE_SIGN_IDENTITY = "";
				CODE_SIGN_STYLE = Automatic;
				DEFINES_MODULE = YES;
				DEVELOPMENT_TEAM = U4A8PQ3C7Z;
				DYLIB_COMPATIBILITY_VERSION = 1;
				DYLIB_CURRENT_VERSION = 1;
				DYLIB_INSTALL_NAME_BASE = "@rpath";
				INFOPLIST_FILE = RSwift/Info.plist;
				INSTALL_PATH = "$(LOCAL_LIBRARY_DIR)/Frameworks";
				LD_RUNPATH_SEARCH_PATHS = "$(inherited) @executable_path/Frameworks @loader_path/Frameworks";
				PRODUCT_BUNDLE_IDENTIFIER = cim.timconkling.RSwift;
				PRODUCT_NAME = "$(TARGET_NAME:c99extidentifier)";
				SKIP_INSTALL = YES;
				SWIFT_VERSION = 4.0;
				TARGETED_DEVICE_FAMILY = "1,2";
			};
			name = Release;
		};
		22C974AA20112AAE00A3766D /* Debug */ = {
			isa = XCBuildConfiguration;
			buildSettings = {
				CODE_SIGN_STYLE = Automatic;
				DEVELOPMENT_TEAM = U4A8PQ3C7Z;
				INFOPLIST_FILE = RSwiftTests/Info.plist;
				LD_RUNPATH_SEARCH_PATHS = "$(inherited) @executable_path/Frameworks @loader_path/Frameworks";
				PRODUCT_BUNDLE_IDENTIFIER = cim.timconkling.RSwiftTests;
				PRODUCT_NAME = "$(TARGET_NAME)";
				SWIFT_VERSION = 4.0;
				TARGETED_DEVICE_FAMILY = "1,2";
			};
			name = Debug;
		};
		22C974AB20112AAE00A3766D /* Release */ = {
			isa = XCBuildConfiguration;
			buildSettings = {
				CODE_SIGN_STYLE = Automatic;
				DEVELOPMENT_TEAM = U4A8PQ3C7Z;
				INFOPLIST_FILE = RSwiftTests/Info.plist;
				LD_RUNPATH_SEARCH_PATHS = "$(inherited) @executable_path/Frameworks @loader_path/Frameworks";
				PRODUCT_BUNDLE_IDENTIFIER = cim.timconkling.RSwiftTests;
				PRODUCT_NAME = "$(TARGET_NAME)";
				SWIFT_VERSION = 4.0;
				TARGETED_DEVICE_FAMILY = "1,2";
			};
			name = Release;
		};
/* End XCBuildConfiguration section */

/* Begin XCConfigurationList section */
		22C9748C20112AAD00A3766D /* Build configuration list for PBXProject "RSwift" */ = {
			isa = XCConfigurationList;
			buildConfigurations = (
				22C974A420112AAE00A3766D /* Debug */,
				22C974A520112AAE00A3766D /* Release */,
			);
			defaultConfigurationIsVisible = 0;
			defaultConfigurationName = Release;
		};
		22C974A620112AAE00A3766D /* Build configuration list for PBXNativeTarget "RSwift" */ = {
			isa = XCConfigurationList;
			buildConfigurations = (
				22C974A720112AAE00A3766D /* Debug */,
				22C974A820112AAE00A3766D /* Release */,
			);
			defaultConfigurationIsVisible = 0;
			defaultConfigurationName = Release;
		};
		22C974A920112AAE00A3766D /* Build configuration list for PBXNativeTarget "RSwiftTests" */ = {
			isa = XCConfigurationList;
			buildConfigurations = (
				22C974AA20112AAE00A3766D /* Debug */,
				22C974AB20112AAE00A3766D /* Release */,
			);
			defaultConfigurationIsVisible = 0;
			defaultConfigurationName = Release;
		};
/* End XCConfigurationList section */
	};
	rootObject = 22C9748920112AAD00A3766D /* Project object */;
}
